
Microsoft Visual Studio Solution File, Format Version 12.00
Project("{FAE04EC0-301F-11D3-BF4B-00C04F79EFBC}") = "Futurist.Web", "Futurist.Web\Futurist.Web.csproj", "{74398CFA-6605-4978-BAED-B60F8D4D9C16}"
EndProject
Project("{FAE04EC0-301F-11D3-BF4B-00C04F79EFBC}") = "Futurist.Service", "Futurist.Service\Futurist.Service.csproj", "{11367FC8-2FE1-4471-8793-D62C04260A70}"
EndProject
Project("{FAE04EC0-301F-11D3-BF4B-00C04F79EFBC}") = "Futurist.Domain", "Futurist.Domain\Futurist.Domain.csproj", "{7EF195F4-D29A-491C-95B6-52519F7CD5C6}"
EndProject
Project("{FAE04EC0-301F-11D3-BF4B-00C04F79EFBC}") = "Futurist.Repository.SqlServer", "Futurist.Repository.SqlServer\Futurist.Repository.SqlServer.csproj", "{0C7D4D5E-E95A-4CF5-A634-09775591F413}"
EndProject
Project("{FAE04EC0-301F-11D3-BF4B-00C04F79EFBC}") = "Futurist.Repository.Interface", "Futurist.Repository.Interface\Futurist.Repository.Interface.csproj", "{1C2EB398-812F-41CD-BD18-9BF3BB73CF8E}"
EndProject
Project("{FAE04EC0-301F-11D3-BF4B-00C04F79EFBC}") = "Futurist.Service.Interface", "Futurist.Service.Interface\Futurist.Service.Interface.csproj", "{E78F8E69-BB6D-4970-98A0-9E502E6650C6}"
EndProject
Project("{2150E333-8FDC-42A3-9474-1A3956D46DE8}") = "Repository", "Repository", "{8A557E11-3592-4B48-834B-46C0EE646464}"
EndProject
Project("{2150E333-8FDC-42A3-9474-1A3956D46DE8}") = "Service", "Service", "{65A852FD-DE89-4953-9256-8DA029249504}"
EndProject
Project("{2150E333-8FDC-42A3-9474-1A3956D46DE8}") = "Domain", "Domain", "{58AED6A5-C582-4CA2-9FD3-68D899445645}"
EndProject
Project("{FAE04EC0-301F-11D3-BF4B-00C04F79EFBC}") = "Futurist.Service.Dto", "Futurist.Service.Dto\Futurist.Service.Dto.csproj", "{700F14FE-EFEA-4A24-B79A-64D6EAE30066}"
EndProject
Project("{FAE04EC0-301F-11D3-BF4B-00C04F79EFBC}") = "Futurist.Repository.UnitOfWork", "Futurist.Repository.UnitOfWork\Futurist.Repository.UnitOfWork.csproj", "{435C5657-A1EA-4313-827E-2213E5A7CF2A}"
EndProject
Project("{FAE04EC0-301F-11D3-BF4B-00C04F79EFBC}") = "Futurist.Common", "Futurist.Common\Futurist.Common.csproj", "{5CABB7D2-4CAF-451E-AA79-27BC450940CB}"
EndProject
Project("{FAE04EC0-301F-11D3-BF4B-00C04F79EFBC}") = "Futurist.Repository.Command", "Futurist.Repository.Command\Futurist.Repository.Command.csproj", "{4A46A05A-3C93-4A6B-8279-EC5ABF9BDC19}"
EndProject
Project("{2150E333-8FDC-42A3-9474-1A3956D46DE8}") = "Infrastructure", "Infrastructure", "{CD12EF3F-A675-43E6-8A94-04DA1DF1B961}"
EndProject
Project("{FAE04EC0-301F-11D3-BF4B-00C04F79EFBC}") = "Futurist.Infrastructure.SignalR", "Futurist.Infrastructure.SignalR\Futurist.Infrastructure.SignalR.csproj", "{C83C346A-1981-46A3-B7A3-0A1DE205F543}"
EndProject
Global
	GlobalSection(SolutionConfigurationPlatforms) = preSolution
		Debug|Any CPU = Debug|Any CPU
		Release|Any CPU = Release|Any CPU
	EndGlobalSection
	GlobalSection(ProjectConfigurationPlatforms) = postSolution
		{74398CFA-6605-4978-BAED-B60F8D4D9C16}.Debug|Any CPU.ActiveCfg = Debug|Any CPU
		{74398CFA-6605-4978-BAED-B60F8D4D9C16}.Debug|Any CPU.Build.0 = Debug|Any CPU
		{74398CFA-6605-4978-BAED-B60F8D4D9C16}.Release|Any CPU.ActiveCfg = Release|Any CPU
		{74398CFA-6605-4978-BAED-B60F8D4D9C16}.Release|Any CPU.Build.0 = Release|Any CPU
		{11367FC8-2FE1-4471-8793-D62C04260A70}.Debug|Any CPU.ActiveCfg = Debug|Any CPU
		{11367FC8-2FE1-4471-8793-D62C04260A70}.Debug|Any CPU.Build.0 = Debug|Any CPU
		{11367FC8-2FE1-4471-8793-D62C04260A70}.Release|Any CPU.ActiveCfg = Release|Any CPU
		{11367FC8-2FE1-4471-8793-D62C04260A70}.Release|Any CPU.Build.0 = Release|Any CPU
		{7EF195F4-D29A-491C-95B6-52519F7CD5C6}.Debug|Any CPU.ActiveCfg = Debug|Any CPU
		{7EF195F4-D29A-491C-95B6-52519F7CD5C6}.Debug|Any CPU.Build.0 = Debug|Any CPU
		{7EF195F4-D29A-491C-95B6-52519F7CD5C6}.Release|Any CPU.ActiveCfg = Release|Any CPU
		{7EF195F4-D29A-491C-95B6-52519F7CD5C6}.Release|Any CPU.Build.0 = Release|Any CPU
		{0C7D4D5E-E95A-4CF5-A634-09775591F413}.Debug|Any CPU.ActiveCfg = Debug|Any CPU
		{0C7D4D5E-E95A-4CF5-A634-09775591F413}.Debug|Any CPU.Build.0 = Debug|Any CPU
		{0C7D4D5E-E95A-4CF5-A634-09775591F413}.Release|Any CPU.ActiveCfg = Release|Any CPU
		{0C7D4D5E-E95A-4CF5-A634-09775591F413}.Release|Any CPU.Build.0 = Release|Any CPU
		{1C2EB398-812F-41CD-BD18-9BF3BB73CF8E}.Debug|Any CPU.ActiveCfg = Debug|Any CPU
		{1C2EB398-812F-41CD-BD18-9BF3BB73CF8E}.Debug|Any CPU.Build.0 = Debug|Any CPU
		{1C2EB398-812F-41CD-BD18-9BF3BB73CF8E}.Release|Any CPU.ActiveCfg = Release|Any CPU
		{1C2EB398-812F-41CD-BD18-9BF3BB73CF8E}.Release|Any CPU.Build.0 = Release|Any CPU
		{E78F8E69-BB6D-4970-98A0-9E502E6650C6}.Debug|Any CPU.ActiveCfg = Debug|Any CPU
		{E78F8E69-BB6D-4970-98A0-9E502E6650C6}.Debug|Any CPU.Build.0 = Debug|Any CPU
		{E78F8E69-BB6D-4970-98A0-9E502E6650C6}.Release|Any CPU.ActiveCfg = Release|Any CPU
		{E78F8E69-BB6D-4970-98A0-9E502E6650C6}.Release|Any CPU.Build.0 = Release|Any CPU
		{700F14FE-EFEA-4A24-B79A-64D6EAE30066}.Debug|Any CPU.ActiveCfg = Debug|Any CPU
		{700F14FE-EFEA-4A24-B79A-64D6EAE30066}.Debug|Any CPU.Build.0 = Debug|Any CPU
		{700F14FE-EFEA-4A24-B79A-64D6EAE30066}.Release|Any CPU.ActiveCfg = Release|Any CPU
		{700F14FE-EFEA-4A24-B79A-64D6EAE30066}.Release|Any CPU.Build.0 = Release|Any CPU
		{435C5657-A1EA-4313-827E-2213E5A7CF2A}.Debug|Any CPU.ActiveCfg = Debug|Any CPU
		{435C5657-A1EA-4313-827E-2213E5A7CF2A}.Debug|Any CPU.Build.0 = Debug|Any CPU
		{435C5657-A1EA-4313-827E-2213E5A7CF2A}.Release|Any CPU.ActiveCfg = Release|Any CPU
		{435C5657-A1EA-4313-827E-2213E5A7CF2A}.Release|Any CPU.Build.0 = Release|Any CPU
		{5CABB7D2-4CAF-451E-AA79-27BC450940CB}.Debug|Any CPU.ActiveCfg = Debug|Any CPU
		{5CABB7D2-4CAF-451E-AA79-27BC450940CB}.Debug|Any CPU.Build.0 = Debug|Any CPU
		{5CABB7D2-4CAF-451E-AA79-27BC450940CB}.Release|Any CPU.ActiveCfg = Release|Any CPU
		{5CABB7D2-4CAF-451E-AA79-27BC450940CB}.Release|Any CPU.Build.0 = Release|Any CPU
		{4A46A05A-3C93-4A6B-8279-EC5ABF9BDC19}.Debug|Any CPU.ActiveCfg = Debug|Any CPU
		{4A46A05A-3C93-4A6B-8279-EC5ABF9BDC19}.Debug|Any CPU.Build.0 = Debug|Any CPU
		{4A46A05A-3C93-4A6B-8279-EC5ABF9BDC19}.Release|Any CPU.ActiveCfg = Release|Any CPU
		{4A46A05A-3C93-4A6B-8279-EC5ABF9BDC19}.Release|Any CPU.Build.0 = Release|Any CPU
		{C83C346A-1981-46A3-B7A3-0A1DE205F543}.Debug|Any CPU.ActiveCfg = Debug|Any CPU
		{C83C346A-1981-46A3-B7A3-0A1DE205F543}.Debug|Any CPU.Build.0 = Debug|Any CPU
		{C83C346A-1981-46A3-B7A3-0A1DE205F543}.Release|Any CPU.ActiveCfg = Release|Any CPU
		{C83C346A-1981-46A3-B7A3-0A1DE205F543}.Release|Any CPU.Build.0 = Release|Any CPU
	EndGlobalSection
	GlobalSection(NestedProjects) = preSolution
		{0C7D4D5E-E95A-4CF5-A634-09775591F413} = {8A557E11-3592-4B48-834B-46C0EE646464}
		{1C2EB398-812F-41CD-BD18-9BF3BB73CF8E} = {8A557E11-3592-4B48-834B-46C0EE646464}
		{11367FC8-2FE1-4471-8793-D62C04260A70} = {65A852FD-DE89-4953-9256-8DA029249504}
		{E78F8E69-BB6D-4970-98A0-9E502E6650C6} = {65A852FD-DE89-4953-9256-8DA029249504}
		{7EF195F4-D29A-491C-95B6-52519F7CD5C6} = {58AED6A5-C582-4CA2-9FD3-68D899445645}
		{700F14FE-EFEA-4A24-B79A-64D6EAE30066} = {65A852FD-DE89-4953-9256-8DA029249504}
		{435C5657-A1EA-4313-827E-2213E5A7CF2A} = {8A557E11-3592-4B48-834B-46C0EE646464}
		{4A46A05A-3C93-4A6B-8279-EC5ABF9BDC19} = {8A557E11-3592-4B48-834B-46C0EE646464}
		{C83C346A-1981-46A3-B7A3-0A1DE205F543} = {CD12EF3F-A675-43E6-8A94-04DA1DF1B961}
	EndGlobalSection
EndGlobal
